{
  "requires": true,
  "lockfileVersion": 1,
  "dependencies": {
    "iframe-resizer": {
      "version": "4.1.1",
      "resolved": "https://registry.npmjs.org/iframe-resizer/-/iframe-resizer-4.1.1.tgz",
      "integrity": "sha512-+cs/M4ivpLyKYDs9AZWK0eRA1FKXut0yQr0iaEqdMKuk5yZJeF9H691q1qW1Cz5D3wHmiT+cTubWEsaSJBLUJA=="
    }
  }
}
